
Microsoft Visual Studio Solution File, Format Version 12.00
# Visual Studio Version 16
VisualStudioVersion = 16.0.31702.278
MinimumVisualStudioVersion = 10.0.40219.1
Project("{FAE04EC0-301F-11D3-BF4B-00C04F79EFBC}") = "jwt-authentication", "jwt-authentication\jwt-authentication.csproj", "{6B651C93-AD6C-4689-A491-994A9A1592C9}"
EndProject
Global
	GlobalSection(SolutionConfigurationPlatforms) = preSolution
		Debug|Any CPU = Debug|Any CPU
		Release|Any CPU = Release|Any CPU
	EndGlobalSection
	GlobalSection(ProjectConfigurationPlatforms) = postSolution
		{6B651C93-AD6C-4689-A491-994A9A1592C9}.Debug|Any CPU.ActiveCfg = Debug|Any CPU
		{6B651C93-AD6C-4689-A491-994A9A1592C9}.Debug|Any CPU.Build.0 = Debug|Any CPU
		{6B651C93-AD6C-4689-A491-994A9A1592C9}.Release|Any CPU.ActiveCfg = Release|Any CPU
		{6B651C93-AD6C-4689-A491-994A9A1592C9}.Release|Any CPU.Build.0 = Release|Any CPU
	EndGlobalSection
	GlobalSection(SolutionProperties) = preSolution
		HideSolutionNode = FALSE
	EndGlobalSection
	GlobalSection(ExtensibilityGlobals) = postSolution
		SolutionGuid = {C345B207-77CB-4D47-869D-3A12808E1E9E}
	EndGlobalSection
EndGlobal
